
Microsoft Visual Studio Solution File, Format Version 12.00
# Visual Studio Version 17
VisualStudioVersion = 17.2.32630.192
MinimumVisualStudioVersion = 10.0.40219.1
Project("{FAE04EC0-301F-11D3-BF4B-00C04F79EFBC}") = "Sksoft.Business", "Sksoft.Business\Sksoft.Business.csproj", "{1D9F4742-54EA-429F-A479-2AC04B485592}"
EndProject
Project("{FAE04EC0-301F-11D3-BF4B-00C04F79EFBC}") = "Sksoft.DataAccess", "Sksoft.DataAccess\Sksoft.DataAccess.csproj", "{C54BA953-0115-415C-A750-0749D978BBE6}"
EndProject
Project("{FAE04EC0-301F-11D3-BF4B-00C04F79EFBC}") = "Sksoft.Entity", "Sksoft.Entity\Sksoft.Entity.csproj", "{37BCAB9B-8548-469E-BE98-F01044BAE2C1}"
EndProject
Project("{FAE04EC0-301F-11D3-BF4B-00C04F79EFBC}") = "Sksoft.API", "Sksoft.API\Sksoft.API.csproj", "{FFD6A413-E918-4965-B797-456C4C3BA8EB}"
EndProject
Project("{FAE04EC0-301F-11D3-BF4B-00C04F79EFBC}") = "Sksoft.UI", "Sksoft.UI\Sksoft.UI.csproj", "{7F2D5A85-A9E7-4B03-A634-467A086D66D3}"
EndProject
Global
	GlobalSection(SolutionConfigurationPlatforms) = preSolution
		Debug|Any CPU = Debug|Any CPU
		Release|Any CPU = Release|Any CPU
	EndGlobalSection
	GlobalSection(ProjectConfigurationPlatforms) = postSolution
		{1D9F4742-54EA-429F-A479-2AC04B485592}.Debug|Any CPU.ActiveCfg = Debug|Any CPU
		{1D9F4742-54EA-429F-A479-2AC04B485592}.Debug|Any CPU.Build.0 = Debug|Any CPU
		{1D9F4742-54EA-429F-A479-2AC04B485592}.Release|Any CPU.ActiveCfg = Release|Any CPU
		{1D9F4742-54EA-429F-A479-2AC04B485592}.Release|Any CPU.Build.0 = Release|Any CPU
		{C54BA953-0115-415C-A750-0749D978BBE6}.Debug|Any CPU.ActiveCfg = Debug|Any CPU
		{C54BA953-0115-415C-A750-0749D978BBE6}.Debug|Any CPU.Build.0 = Debug|Any CPU
		{C54BA953-0115-415C-A750-0749D978BBE6}.Release|Any CPU.ActiveCfg = Release|Any CPU
		{C54BA953-0115-415C-A750-0749D978BBE6}.Release|Any CPU.Build.0 = Release|Any CPU
		{37BCAB9B-8548-469E-BE98-F01044BAE2C1}.Debug|Any CPU.ActiveCfg = Debug|Any CPU
		{37BCAB9B-8548-469E-BE98-F01044BAE2C1}.Debug|Any CPU.Build.0 = Debug|Any CPU
		{37BCAB9B-8548-469E-BE98-F01044BAE2C1}.Release|Any CPU.ActiveCfg = Release|Any CPU
		{37BCAB9B-8548-469E-BE98-F01044BAE2C1}.Release|Any CPU.Build.0 = Release|Any CPU
		{FFD6A413-E918-4965-B797-456C4C3BA8EB}.Debug|Any CPU.ActiveCfg = Debug|Any CPU
		{FFD6A413-E918-4965-B797-456C4C3BA8EB}.Debug|Any CPU.Build.0 = Debug|Any CPU
		{FFD6A413-E918-4965-B797-456C4C3BA8EB}.Release|Any CPU.ActiveCfg = Release|Any CPU
		{FFD6A413-E918-4965-B797-456C4C3BA8EB}.Release|Any CPU.Build.0 = Release|Any CPU
		{7F2D5A85-A9E7-4B03-A634-467A086D66D3}.Debug|Any CPU.ActiveCfg = Debug|Any CPU
		{7F2D5A85-A9E7-4B03-A634-467A086D66D3}.Debug|Any CPU.Build.0 = Debug|Any CPU
		{7F2D5A85-A9E7-4B03-A634-467A086D66D3}.Release|Any CPU.ActiveCfg = Release|Any CPU
		{7F2D5A85-A9E7-4B03-A634-467A086D66D3}.Release|Any CPU.Build.0 = Release|Any CPU
	EndGlobalSection
	GlobalSection(SolutionProperties) = preSolution
		HideSolutionNode = FALSE
	EndGlobalSection
	GlobalSection(ExtensibilityGlobals) = postSolution
		SolutionGuid = {F50AF33C-AE18-4A54-94E4-48851B772417}
	EndGlobalSection
EndGlobal
